
Microsoft Visual Studio Solution File, Format Version 12.00
# Visual Studio Version 17
VisualStudioVersion = 17.6.33712.159
MinimumVisualStudioVersion = 10.0.40219.1
Project("{FAE04EC0-301F-11D3-BF4B-00C04F79EFBC}") = "LaZuittEcommerce", "LaZuittEcommerce.csproj", "{AA3C45D2-6476-4D1C-B901-21E20BD152AE}"
EndProject
Global
	GlobalSection(SolutionConfigurationPlatforms) = preSolution
		Debug|Any CPU = Debug|Any CPU
		Release|Any CPU = Release|Any CPU
	EndGlobalSection
	GlobalSection(ProjectConfigurationPlatforms) = postSolution
		{AA3C45D2-6476-4D1C-B901-21E20BD152AE}.Debug|Any CPU.ActiveCfg = Debug|Any CPU
		{AA3C45D2-6476-4D1C-B901-21E20BD152AE}.Debug|Any CPU.Build.0 = Debug|Any CPU
		{AA3C45D2-6476-4D1C-B901-21E20BD152AE}.Release|Any CPU.ActiveCfg = Release|Any CPU
		{AA3C45D2-6476-4D1C-B901-21E20BD152AE}.Release|Any CPU.Build.0 = Release|Any CPU
	EndGlobalSection
	GlobalSection(SolutionProperties) = preSolution
		HideSolutionNode = FALSE
	EndGlobalSection
	GlobalSection(ExtensibilityGlobals) = postSolution
		SolutionGuid = {0E5E9D13-E038-46C7-A1C7-8544AD7AEFB0}
	EndGlobalSection
EndGlobal
