
Microsoft Visual Studio Solution File, Format Version 12.00
# Visual Studio Version 17
VisualStudioVersion = 17.7.34202.233
MinimumVisualStudioVersion = 10.0.40219.1
Project("{FAE04EC0-301F-11D3-BF4B-00C04F79EFBC}") = "activity", "activity.csproj", "{0B08B33D-6ACE-4099-A006-612BA88D00C1}"
EndProject
Global
	GlobalSection(SolutionConfigurationPlatforms) = preSolution
		Debug|Any CPU = Debug|Any CPU
		Release|Any CPU = Release|Any CPU
	EndGlobalSection
	GlobalSection(ProjectConfigurationPlatforms) = postSolution
		{0B08B33D-6ACE-4099-A006-612BA88D00C1}.Debug|Any CPU.ActiveCfg = Debug|Any CPU
		{0B08B33D-6ACE-4099-A006-612BA88D00C1}.Debug|Any CPU.Build.0 = Debug|Any CPU
		{0B08B33D-6ACE-4099-A006-612BA88D00C1}.Release|Any CPU.ActiveCfg = Release|Any CPU
		{0B08B33D-6ACE-4099-A006-612BA88D00C1}.Release|Any CPU.Build.0 = Release|Any CPU
	EndGlobalSection
	GlobalSection(SolutionProperties) = preSolution
		HideSolutionNode = FALSE
	EndGlobalSection
	GlobalSection(ExtensibilityGlobals) = postSolution
		SolutionGuid = {4C295E9B-EC74-47B9-87F2-11F4C90F8E12}
	EndGlobalSection
EndGlobal
