
Microsoft Visual Studio Solution File, Format Version 12.00
# Visual Studio Version 17
VisualStudioVersion = 17.7.34202.233
MinimumVisualStudioVersion = 10.0.40219.1
Project("{FAE04EC0-301F-11D3-BF4B-00C04F79EFBC}") = "capstone", "capstone.csproj", "{472D816C-4886-4F23-91A8-1752D9BD1362}"
EndProject
Global
	GlobalSection(SolutionConfigurationPlatforms) = preSolution
		Debug|Any CPU = Debug|Any CPU
		Release|Any CPU = Release|Any CPU
	EndGlobalSection
	GlobalSection(ProjectConfigurationPlatforms) = postSolution
		{472D816C-4886-4F23-91A8-1752D9BD1362}.Debug|Any CPU.ActiveCfg = Debug|Any CPU
		{472D816C-4886-4F23-91A8-1752D9BD1362}.Debug|Any CPU.Build.0 = Debug|Any CPU
		{472D816C-4886-4F23-91A8-1752D9BD1362}.Release|Any CPU.ActiveCfg = Release|Any CPU
		{472D816C-4886-4F23-91A8-1752D9BD1362}.Release|Any CPU.Build.0 = Release|Any CPU
	EndGlobalSection
	GlobalSection(SolutionProperties) = preSolution
		HideSolutionNode = FALSE
	EndGlobalSection
	GlobalSection(ExtensibilityGlobals) = postSolution
		SolutionGuid = {2A193E78-C013-4F5B-A486-74F7A70A6045}
	EndGlobalSection
EndGlobal
