
Microsoft Visual Studio Solution File, Format Version 12.00
# Visual Studio Version 17
VisualStudioVersion = 17.7.34202.233
MinimumVisualStudioVersion = 10.0.40219.1
Project("{FAE04EC0-301F-11D3-BF4B-00C04F79EFBC}") = "discussion", "discussion.csproj", "{A50FF5D6-5FDF-4AE9-AD52-35E5F201B955}"
EndProject
Global
	GlobalSection(SolutionConfigurationPlatforms) = preSolution
		Debug|Any CPU = Debug|Any CPU
		Release|Any CPU = Release|Any CPU
	EndGlobalSection
	GlobalSection(ProjectConfigurationPlatforms) = postSolution
		{A50FF5D6-5FDF-4AE9-AD52-35E5F201B955}.Debug|Any CPU.ActiveCfg = Debug|Any CPU
		{A50FF5D6-5FDF-4AE9-AD52-35E5F201B955}.Debug|Any CPU.Build.0 = Debug|Any CPU
		{A50FF5D6-5FDF-4AE9-AD52-35E5F201B955}.Release|Any CPU.ActiveCfg = Release|Any CPU
		{A50FF5D6-5FDF-4AE9-AD52-35E5F201B955}.Release|Any CPU.Build.0 = Release|Any CPU
	EndGlobalSection
	GlobalSection(SolutionProperties) = preSolution
		HideSolutionNode = FALSE
	EndGlobalSection
	GlobalSection(ExtensibilityGlobals) = postSolution
		SolutionGuid = {02B401B1-DD75-47EF-BF7F-8239363AEE6F}
	EndGlobalSection
EndGlobal
