
Microsoft Visual Studio Solution File, Format Version 12.00
# Visual Studio Version 17
VisualStudioVersion = 17.7.34202.233
MinimumVisualStudioVersion = 10.0.40219.1
Project("{FAE04EC0-301F-11D3-BF4B-00C04F79EFBC}") = "activity", "activity.csproj", "{2AAB0AE9-B711-49F5-9973-3A9B39E98634}"
EndProject
Global
	GlobalSection(SolutionConfigurationPlatforms) = preSolution
		Debug|Any CPU = Debug|Any CPU
		Release|Any CPU = Release|Any CPU
	EndGlobalSection
	GlobalSection(ProjectConfigurationPlatforms) = postSolution
		{2AAB0AE9-B711-49F5-9973-3A9B39E98634}.Debug|Any CPU.ActiveCfg = Debug|Any CPU
		{2AAB0AE9-B711-49F5-9973-3A9B39E98634}.Debug|Any CPU.Build.0 = Debug|Any CPU
		{2AAB0AE9-B711-49F5-9973-3A9B39E98634}.Release|Any CPU.ActiveCfg = Release|Any CPU
		{2AAB0AE9-B711-49F5-9973-3A9B39E98634}.Release|Any CPU.Build.0 = Release|Any CPU
	EndGlobalSection
	GlobalSection(SolutionProperties) = preSolution
		HideSolutionNode = FALSE
	EndGlobalSection
	GlobalSection(ExtensibilityGlobals) = postSolution
		SolutionGuid = {4C2ECF4A-E99E-4610-8822-C31F8E5455F7}
	EndGlobalSection
EndGlobal
